# This file is @generated by PDM.
# It is not intended for manual editing.

[[package]]
name = "mypy"
version = "1.2.0"
requires_python = ">=3.7"
summary = "Optional static typing for Python"
dependencies = [
    "mypy-extensions>=1.0.0",
    "typing-extensions>=3.10",
]

[[package]]
name = "mypy-extensions"
version = "1.0.0"
requires_python = ">=3.5"
summary = "Type system extensions for programs checked with the mypy type checker."

[[package]]
name = "tinydb"
version = "4.7.1"
requires_python = ">=3.7,<4.0"
summary = "TinyDB is a tiny, document oriented database optimized for your happiness :)"

[[package]]
name = "typing-extensions"
version = "4.5.0"
requires_python = ">=3.7"
summary = "Backported and Experimental Type Hints for Python 3.7+"

[metadata]
lock_version = "4.2"
groups = ["default", "dev"]
content_hash = "sha256:89ec7ecdfa45d51a2ec6bb0398cc8a3c47c7f6e48a251b81f4f051ed4cac13c5"

[metadata.files]
"mypy 1.2.0" = [
    {url = "https://files.pythonhosted.org/packages/17/81/62fb78abb9ae22a5eabf9d5b81b6b7ba89d65b9b190e10c685e4367183eb/mypy-1.2.0-cp310-cp310-macosx_11_0_arm64.whl", hash = "sha256:fe91be1c51c90e2afe6827601ca14353bbf3953f343c2129fa1e247d55fd95ba"},
    {url = "https://files.pythonhosted.org/packages/1d/1a/8166959cf10a56218cf7a8eabd23d101050e38159ffee1868dd3e3a90ab1/mypy-1.2.0-cp39-cp39-win_amd64.whl", hash = "sha256:2de7babe398cb7a85ac7f1fd5c42f396c215ab3eff731b4d761d68d0f6a80f48"},
    {url = "https://files.pythonhosted.org/packages/1d/db/f0b4b1d7b6604806d14a5ee5a5f0ac03d6b81d4d6d134a191dfb3da9cb86/mypy-1.2.0-cp311-cp311-macosx_11_0_arm64.whl", hash = "sha256:695c45cea7e8abb6f088a34a6034b1d273122e5530aeebb9c09626cea6dca4cb"},
    {url = "https://files.pythonhosted.org/packages/24/69/795b82e3fba8e50e265dac3d387616706babd1ac23eeed3943bd8d074cc6/mypy-1.2.0-cp311-cp311-win_amd64.whl", hash = "sha256:f46af8d162f3d470d8ffc997aaf7a269996d205f9d746124a179d3abe05ac602"},
    {url = "https://files.pythonhosted.org/packages/26/ce/88417b791de919ffad917e32a37772e4595877141f68fc47d4833ccad66c/mypy-1.2.0-cp38-cp38-macosx_11_0_arm64.whl", hash = "sha256:c9a084bce1061e55cdc0493a2ad890375af359c766b8ac311ac8120d3a472950"},
    {url = "https://files.pythonhosted.org/packages/38/74/61cc4b7a2a8ad2eecd67105514c31de060fe4d4a1f17ac6612536387d6a2/mypy-1.2.0-cp37-cp37m-macosx_10_9_x86_64.whl", hash = "sha256:031fc69c9a7e12bcc5660b74122ed84b3f1c505e762cc4296884096c6d8ee140"},
    {url = "https://files.pythonhosted.org/packages/3b/e2/e191616ecd88ba45e9e662f0b87b390c76dd56affe8d18cffa44bf7ba91c/mypy-1.2.0-py3-none-any.whl", hash = "sha256:d8e9187bfcd5ffedbe87403195e1fc340189a68463903c39e2b63307c9fa0394"},
    {url = "https://files.pythonhosted.org/packages/3d/42/abf8568dbbe9e207ac90d650164aac43ed9c40fbae0d5f87d842d62ec485/mypy-1.2.0-cp39-cp39-manylinux_2_17_x86_64.manylinux2014_x86_64.whl", hash = "sha256:023fe9e618182ca6317ae89833ba422c411469156b690fde6a315ad10695a521"},
    {url = "https://files.pythonhosted.org/packages/54/2b/4605b4197d169f22453b55eb48cc6d3237ddf3167c24398497148bfef99f/mypy-1.2.0-cp311-cp311-musllinux_1_1_x86_64.whl", hash = "sha256:8293a216e902ac12779eb7a08f2bc39ec6c878d7c6025aa59464e0c4c16f7eb9"},
    {url = "https://files.pythonhosted.org/packages/5b/50/b5ecf349e2bfc4fe31fb974457470d19d099d59daa92a9ff0f0e38bbfbe2/mypy-1.2.0-cp311-cp311-manylinux_2_17_x86_64.manylinux2014_x86_64.whl", hash = "sha256:d0e9464a0af6715852267bf29c9553e4555b61f5904a4fc538547a4d67617937"},
    {url = "https://files.pythonhosted.org/packages/66/41/f437110f2d7af95a547d4b7d37953448dbebf751b39becdf472eb444c327/mypy-1.2.0-cp38-cp38-manylinux_2_17_x86_64.manylinux2014_x86_64.whl", hash = "sha256:eaeaa0888b7f3ccb7bcd40b50497ca30923dba14f385bde4af78fac713d6d6f6"},
    {url = "https://files.pythonhosted.org/packages/7b/36/5d90979fa86bcf5862186f540b9925538d0e5239049d7bb1d9ee3ca0f77a/mypy-1.2.0-cp311-cp311-macosx_10_9_x86_64.whl", hash = "sha256:3efde4af6f2d3ccf58ae825495dbb8d74abd6d176ee686ce2ab19bd025273f41"},
    {url = "https://files.pythonhosted.org/packages/7b/d9/17cb4c29225aa677a2b8efd0e524a5ee369dbd2857f928d8cc104dc33720/mypy-1.2.0-cp39-cp39-macosx_11_0_arm64.whl", hash = "sha256:4a99fe1768925e4a139aace8f3fb66db3576ee1c30b9c0f70f744ead7e329c9f"},
    {url = "https://files.pythonhosted.org/packages/81/6f/9a2af7cc16f9929addbdcb30509ef561edfbcfde5efe886fa7a0dac5eb9d/mypy-1.2.0-cp39-cp39-musllinux_1_1_x86_64.whl", hash = "sha256:4d19f1a239d59f10fdc31263d48b7937c585810288376671eaf75380b074f238"},
    {url = "https://files.pythonhosted.org/packages/8d/fe/cc9051ba981c3f41146afde7a58c26d264d95e59f19bce10bb24ae6c6c43/mypy-1.2.0-cp38-cp38-musllinux_1_1_x86_64.whl", hash = "sha256:bea55fc25b96c53affab852ad94bf111a3083bc1d8b0c76a61dd101d8a388cf5"},
    {url = "https://files.pythonhosted.org/packages/94/25/a396a423bb914f236f8d5b767f5b9e0263c94fee341fecde37bc84f13abf/mypy-1.2.0-cp37-cp37m-manylinux_2_17_x86_64.manylinux2014_x86_64.whl", hash = "sha256:390bc685ec209ada4e9d35068ac6988c60160b2b703072d2850457b62499e336"},
    {url = "https://files.pythonhosted.org/packages/9a/d0/d96d26e7a6f5a2ed4add8c649f30bce26fc413f25a6ecc5d93ab22c270e1/mypy-1.2.0.tar.gz", hash = "sha256:f70a40410d774ae23fcb4afbbeca652905a04de7948eaf0b1789c8d1426b72d1"},
    {url = "https://files.pythonhosted.org/packages/9e/be/3ed7aaaa6e7961f3150120514ef34cfa3398259258019f91c7619bda3801/mypy-1.2.0-cp38-cp38-macosx_10_9_x86_64.whl", hash = "sha256:a197ad3a774f8e74f21e428f0de7f60ad26a8d23437b69638aac2764d1e06a6a"},
    {url = "https://files.pythonhosted.org/packages/c2/73/3a01b56227d33e62cbb78065099c94f9fa811fe21759ee263245a3dbcc6f/mypy-1.2.0-cp310-cp310-manylinux_2_17_x86_64.manylinux2014_x86_64.whl", hash = "sha256:8d26b513225ffd3eacece727f4387bdce6469192ef029ca9dd469940158bc89e"},
    {url = "https://files.pythonhosted.org/packages/cb/58/8dd346e4e0fa889ccf5d523926d3c1ca50035805731adfc8258e8db67bc5/mypy-1.2.0-cp39-cp39-macosx_10_9_x86_64.whl", hash = "sha256:70894c5345bea98321a2fe84df35f43ee7bb0feec117a71420c60459fc3e1eed"},
    {url = "https://files.pythonhosted.org/packages/cb/95/1c88b637d2d52237c3c356ff880e9637124f0a59ebcf9837f14944a56e28/mypy-1.2.0-cp37-cp37m-win_amd64.whl", hash = "sha256:4e4a682b3f2489d218751981639cffc4e281d548f9d517addfd5a2917ac78119"},
    {url = "https://files.pythonhosted.org/packages/cf/2c/26ce7bc86af5dce5b761abbbbf15fa59d65dd63095205b80b123c3ddd780/mypy-1.2.0-cp37-cp37m-musllinux_1_1_x86_64.whl", hash = "sha256:4b41412df69ec06ab141808d12e0bf2823717b1c363bd77b4c0820feaa37249e"},
    {url = "https://files.pythonhosted.org/packages/d3/9e/eceab134d307042fc7b4aef3d7e285c1afbb306bf49388ab2c3e2330aaa1/mypy-1.2.0-cp310-cp310-macosx_10_9_x86_64.whl", hash = "sha256:701189408b460a2ff42b984e6bd45c3f41f0ac9f5f58b8873bbedc511900086d"},
    {url = "https://files.pythonhosted.org/packages/e2/05/e6a96713cdd2f84964d78b390cb347255cf167dfb867add23230fe5e6696/mypy-1.2.0-cp310-cp310-win_amd64.whl", hash = "sha256:2e93a8a553e0394b26c4ca683923b85a69f7ccdc0139e6acd1354cc884fe0128"},
    {url = "https://files.pythonhosted.org/packages/f6/30/f86b31edb4c7c81f63e9cb27a28a2f9e7aa1a58188ded12f96936c391b10/mypy-1.2.0-cp38-cp38-win_amd64.whl", hash = "sha256:4c8d8c6b80aa4a1689f2a179d31d86ae1367ea4a12855cc13aa3ba24bb36b2d8"},
    {url = "https://files.pythonhosted.org/packages/fa/ee/9f56e9b54a3624d95d9b39682e1169089fafbcc3cbbef18f42198dd47abb/mypy-1.2.0-cp310-cp310-musllinux_1_1_x86_64.whl", hash = "sha256:3a2d219775a120581a0ae8ca392b31f238d452729adbcb6892fa89688cb8306a"},
]
"mypy-extensions 1.0.0" = [
    {url = "https://files.pythonhosted.org/packages/2a/e2/5d3f6ada4297caebe1a2add3b126fe800c96f56dbe5d1988a2cbe0b267aa/mypy_extensions-1.0.0-py3-none-any.whl", hash = "sha256:4392f6c0eb8a5668a69e23d168ffa70f0be9ccfd32b5cc2d26a34ae5b844552d"},
    {url = "https://files.pythonhosted.org/packages/98/a4/1ab47638b92648243faf97a5aeb6ea83059cc3624972ab6b8d2316078d3f/mypy_extensions-1.0.0.tar.gz", hash = "sha256:75dbf8955dc00442a438fc4d0666508a9a97b6bd41aa2f0ffe9d2f2725af0782"},
]
"tinydb 4.7.1" = [
    {url = "https://files.pythonhosted.org/packages/0a/a9/303de29f4b293b5948c8c73f9ef92480329a4d37f6ba168c76250ab4c6b3/tinydb-4.7.1-py3-none-any.whl", hash = "sha256:1534e498ca23f55c43b0f1e7c0cf174049498ab45a887c82ba9831e0f9868df3"},
    {url = "https://files.pythonhosted.org/packages/32/ed/78f24df0fec08f0fb92fc4b4758adcab780660caa8c3f94c2e175eb7e2ba/tinydb-4.7.1.tar.gz", hash = "sha256:8955c239a79b8a6c8f637900152e2de38690848199d71d870c33c16405433ca5"},
]
"typing-extensions 4.5.0" = [
    {url = "https://files.pythonhosted.org/packages/31/25/5abcd82372d3d4a3932e1fa8c3dbf9efac10cc7c0d16e78467460571b404/typing_extensions-4.5.0-py3-none-any.whl", hash = "sha256:fb33085c39dd998ac16d1431ebc293a8b3eedd00fd4a32de0ff79002c19511b4"},
    {url = "https://files.pythonhosted.org/packages/d3/20/06270dac7316220643c32ae61694e451c98f8caf4c8eab3aa80a2bedf0df/typing_extensions-4.5.0.tar.gz", hash = "sha256:5cb5f4a79139d699607b3ef622a1dedafa84e115ab0024e0d9c044a9479ca7cb"},
]
